
Microsoft Visual Studio Solution File, Format Version 12.00
# Visual Studio Version 17
VisualStudioVersion = 17.0.32112.339
MinimumVisualStudioVersion = 10.0.40219.1
Project("{9A19103F-16F7-4668-BE54-9A1E7A4F7556}") = "GrowattPvOutput", "GrowattPvOutput\GrowattPvOutput.csproj", "{7981CEB5-A6AC-42BE-94ED-7559350B0D65}"
EndProject
Project("{9A19103F-16F7-4668-BE54-9A1E7A4F7556}") = "Ealse.Growatt.Api", "Ealse.Growatt.Api\Ealse.Growatt.Api.csproj", "{667CB233-4411-408F-AD78-9FFC1FA0C4F8}"
EndProject
Project("{2150E333-8FDC-42A3-9474-1A3956D46DE8}") = "Solution Items", "Solution Items", "{735CFF29-565F-4E4E-AC0A-EDFEAE956424}"
	ProjectSection(SolutionItems) = preProject
		.dockerignore = .dockerignore
		.editorconfig = .editorconfig
		.gitignore = .gitignore
		LICENSE = LICENSE
	EndProjectSection
EndProject
Project("{9A19103F-16F7-4668-BE54-9A1E7A4F7556}") = "GrowattInflux", "GrowattInflux\GrowattInflux.csproj", "{1CA2A577-B99E-4D92-96D9-28224BD43698}"
EndProject
Global
	GlobalSection(SolutionConfigurationPlatforms) = preSolution
		Debug|Any CPU = Debug|Any CPU
		Release|Any CPU = Release|Any CPU
	EndGlobalSection
	GlobalSection(ProjectConfigurationPlatforms) = postSolution
		{7981CEB5-A6AC-42BE-94ED-7559350B0D65}.Debug|Any CPU.ActiveCfg = Debug|Any CPU
		{7981CEB5-A6AC-42BE-94ED-7559350B0D65}.Debug|Any CPU.Build.0 = Debug|Any CPU
		{7981CEB5-A6AC-42BE-94ED-7559350B0D65}.Release|Any CPU.ActiveCfg = Release|Any CPU
		{7981CEB5-A6AC-42BE-94ED-7559350B0D65}.Release|Any CPU.Build.0 = Release|Any CPU
		{667CB233-4411-408F-AD78-9FFC1FA0C4F8}.Debug|Any CPU.ActiveCfg = Debug|Any CPU
		{667CB233-4411-408F-AD78-9FFC1FA0C4F8}.Debug|Any CPU.Build.0 = Debug|Any CPU
		{667CB233-4411-408F-AD78-9FFC1FA0C4F8}.Release|Any CPU.ActiveCfg = Release|Any CPU
		{667CB233-4411-408F-AD78-9FFC1FA0C4F8}.Release|Any CPU.Build.0 = Release|Any CPU
		{1CA2A577-B99E-4D92-96D9-28224BD43698}.Debug|Any CPU.ActiveCfg = Debug|Any CPU
		{1CA2A577-B99E-4D92-96D9-28224BD43698}.Debug|Any CPU.Build.0 = Debug|Any CPU
		{1CA2A577-B99E-4D92-96D9-28224BD43698}.Release|Any CPU.ActiveCfg = Release|Any CPU
		{1CA2A577-B99E-4D92-96D9-28224BD43698}.Release|Any CPU.Build.0 = Release|Any CPU
	EndGlobalSection
	GlobalSection(SolutionProperties) = preSolution
		HideSolutionNode = FALSE
	EndGlobalSection
	GlobalSection(ExtensibilityGlobals) = postSolution
		SolutionGuid = {094D94E1-9538-4934-8319-7061C769DD1A}
	EndGlobalSection
EndGlobal
